
Microsoft Visual Studio Solution File, Format Version 12.00
# Visual Studio 14
VisualStudioVersion = 14.0.25420.1
MinimumVisualStudioVersion = 10.0.40219.1
Project("{FAE04EC0-301F-11D3-BF4B-00C04F79EFBC}") = "hhh", "hhh\hhh\hhh.csproj", "{A18D424C-B934-4E6C-9C1B-CEFD5CFFFFC3}"
EndProject
Project("{FAE04EC0-301F-11D3-BF4B-00C04F79EFBC}") = "hhh.Droid", "hhh\hhh.Droid\hhh.Droid.csproj", "{D68B9AA7-1C34-4588-B56E-32DEB1D62872}"
EndProject
Project("{FAE04EC0-301F-11D3-BF4B-00C04F79EFBC}") = "hhh.iOS", "hhh\hhh.iOS\hhh.iOS.csproj", "{B19B3461-BEA9-458E-8C5B-8E34271C969A}"
EndProject
Project("{FAE04EC0-301F-11D3-BF4B-00C04F79EFBC}") = "hhh.WinPhone", "hhh\hhh.WinPhone\hhh.WinPhone.csproj", "{AFCB3E0D-67B3-43CA-B237-5A28BE01EB85}"
EndProject
Project("{FAE04EC0-301F-11D3-BF4B-00C04F79EFBC}") = "hhh.UWP", "hhh\hhh.UWP\hhh.UWP.csproj", "{F47CF8EC-B93D-40D1-8847-4CB145391D22}"
EndProject
Project("{FAE04EC0-301F-11D3-BF4B-00C04F79EFBC}") = "hhh.Windows", "hhh\hhh.Windows\hhh.Windows.csproj", "{BC5FDA84-D240-4C43-AB0F-09300FC819AD}"
EndProject
Global
	GlobalSection(SolutionConfigurationPlatforms) = preSolution
		Ad-Hoc|Any CPU = Ad-Hoc|Any CPU
		Ad-Hoc|ARM = Ad-Hoc|ARM
		Ad-Hoc|iPhone = Ad-Hoc|iPhone
		Ad-Hoc|iPhoneSimulator = Ad-Hoc|iPhoneSimulator
		Ad-Hoc|x64 = Ad-Hoc|x64
		Ad-Hoc|x86 = Ad-Hoc|x86
		AppStore|Any CPU = AppStore|Any CPU
		AppStore|ARM = AppStore|ARM
		AppStore|iPhone = AppStore|iPhone
		AppStore|iPhoneSimulator = AppStore|iPhoneSimulator
		AppStore|x64 = AppStore|x64
		AppStore|x86 = AppStore|x86
		Debug|Any CPU = Debug|Any CPU
		Debug|ARM = Debug|ARM
		Debug|iPhone = Debug|iPhone
		Debug|iPhoneSimulator = Debug|iPhoneSimulator
		Debug|x64 = Debug|x64
		Debug|x86 = Debug|x86
		Release|Any CPU = Release|Any CPU
		Release|ARM = Release|ARM
		Release|iPhone = Release|iPhone
		Release|iPhoneSimulator = Release|iPhoneSimulator
		Release|x64 = Release|x64
		Release|x86 = Release|x86
	EndGlobalSection
	GlobalSection(ProjectConfigurationPlatforms) = postSolution
		{A18D424C-B934-4E6C-9C1B-CEFD5CFFFFC3}.Ad-Hoc|Any CPU.ActiveCfg = Release|Any CPU
		{A18D424C-B934-4E6C-9C1B-CEFD5CFFFFC3}.Ad-Hoc|Any CPU.Build.0 = Release|Any CPU
		{A18D424C-B934-4E6C-9C1B-CEFD5CFFFFC3}.Ad-Hoc|ARM.ActiveCfg = Release|Any CPU
		{A18D424C-B934-4E6C-9C1B-CEFD5CFFFFC3}.Ad-Hoc|ARM.Build.0 = Release|Any CPU
		{A18D424C-B934-4E6C-9C1B-CEFD5CFFFFC3}.Ad-Hoc|iPhone.ActiveCfg = Release|Any CPU
		{A18D424C-B934-4E6C-9C1B-CEFD5CFFFFC3}.Ad-Hoc|iPhone.Build.0 = Release|Any CPU
		{A18D424C-B934-4E6C-9C1B-CEFD5CFFFFC3}.Ad-Hoc|iPhoneSimulator.ActiveCfg = Release|Any CPU
		{A18D424C-B934-4E6C-9C1B-CEFD5CFFFFC3}.Ad-Hoc|iPhoneSimulator.Build.0 = Release|Any CPU
		{A18D424C-B934-4E6C-9C1B-CEFD5CFFFFC3}.Ad-Hoc|x64.ActiveCfg = Release|Any CPU
		{A18D424C-B934-4E6C-9C1B-CEFD5CFFFFC3}.Ad-Hoc|x64.Build.0 = Release|Any CPU
		{A18D424C-B934-4E6C-9C1B-CEFD5CFFFFC3}.Ad-Hoc|x86.ActiveCfg = Release|Any CPU
		{A18D424C-B934-4E6C-9C1B-CEFD5CFFFFC3}.Ad-Hoc|x86.Build.0 = Release|Any CPU
		{A18D424C-B934-4E6C-9C1B-CEFD5CFFFFC3}.AppStore|Any CPU.ActiveCfg = Release|Any CPU
		{A18D424C-B934-4E6C-9C1B-CEFD5CFFFFC3}.AppStore|Any CPU.Build.0 = Release|Any CPU
		{A18D424C-B934-4E6C-9C1B-CEFD5CFFFFC3}.AppStore|ARM.ActiveCfg = Release|Any CPU
		{A18D424C-B934-4E6C-9C1B-CEFD5CFFFFC3}.AppStore|ARM.Build.0 = Release|Any CPU
		{A18D424C-B934-4E6C-9C1B-CEFD5CFFFFC3}.AppStore|iPhone.ActiveCfg = Release|Any CPU
		{A18D424C-B934-4E6C-9C1B-CEFD5CFFFFC3}.AppStore|iPhone.Build.0 = Release|Any CPU
		{A18D424C-B934-4E6C-9C1B-CEFD5CFFFFC3}.AppStore|iPhoneSimulator.ActiveCfg = Release|Any CPU
		{A18D424C-B934-4E6C-9C1B-CEFD5CFFFFC3}.AppStore|iPhoneSimulator.Build.0 = Release|Any CPU
		{A18D424C-B934-4E6C-9C1B-CEFD5CFFFFC3}.AppStore|x64.ActiveCfg = Release|Any CPU
		{A18D424C-B934-4E6C-9C1B-CEFD5CFFFFC3}.AppStore|x64.Build.0 = Release|Any CPU
		{A18D424C-B934-4E6C-9C1B-CEFD5CFFFFC3}.AppStore|x86.ActiveCfg = Release|Any CPU
		{A18D424C-B934-4E6C-9C1B-CEFD5CFFFFC3}.AppStore|x86.Build.0 = Release|Any CPU
		{A18D424C-B934-4E6C-9C1B-CEFD5CFFFFC3}.Debug|Any CPU.ActiveCfg = Debug|Any CPU
		{A18D424C-B934-4E6C-9C1B-CEFD5CFFFFC3}.Debug|Any CPU.Build.0 = Debug|Any CPU
		{A18D424C-B934-4E6C-9C1B-CEFD5CFFFFC3}.Debug|ARM.ActiveCfg = Debug|Any CPU
		{A18D424C-B934-4E6C-9C1B-CEFD5CFFFFC3}.Debug|ARM.Build.0 = Debug|Any CPU
		{A18D424C-B934-4E6C-9C1B-CEFD5CFFFFC3}.Debug|iPhone.ActiveCfg = Debug|Any CPU
		{A18D424C-B934-4E6C-9C1B-CEFD5CFFFFC3}.Debug|iPhone.Build.0 = Debug|Any CPU
		{A18D424C-B934-4E6C-9C1B-CEFD5CFFFFC3}.Debug|iPhoneSimulator.ActiveCfg = Debug|Any CPU
		{A18D424C-B934-4E6C-9C1B-CEFD5CFFFFC3}.Debug|iPhoneSimulator.Build.0 = Debug|Any CPU
		{A18D424C-B934-4E6C-9C1B-CEFD5CFFFFC3}.Debug|x64.ActiveCfg = Debug|Any CPU
		{A18D424C-B934-4E6C-9C1B-CEFD5CFFFFC3}.Debug|x64.Build.0 = Debug|Any CPU
		{A18D424C-B934-4E6C-9C1B-CEFD5CFFFFC3}.Debug|x86.ActiveCfg = Debug|Any CPU
		{A18D424C-B934-4E6C-9C1B-CEFD5CFFFFC3}.Debug|x86.Build.0 = Debug|Any CPU
		{A18D424C-B934-4E6C-9C1B-CEFD5CFFFFC3}.Release|Any CPU.ActiveCfg = Release|Any CPU
		{A18D424C-B934-4E6C-9C1B-CEFD5CFFFFC3}.Release|Any CPU.Build.0 = Release|Any CPU
		{A18D424C-B934-4E6C-9C1B-CEFD5CFFFFC3}.Release|ARM.ActiveCfg = Release|Any CPU
		{A18D424C-B934-4E6C-9C1B-CEFD5CFFFFC3}.Release|ARM.Build.0 = Release|Any CPU
		{A18D424C-B934-4E6C-9C1B-CEFD5CFFFFC3}.Release|iPhone.ActiveCfg = Release|Any CPU
		{A18D424C-B934-4E6C-9C1B-CEFD5CFFFFC3}.Release|iPhone.Build.0 = Release|Any CPU
		{A18D424C-B934-4E6C-9C1B-CEFD5CFFFFC3}.Release|iPhoneSimulator.ActiveCfg = Release|Any CPU
		{A18D424C-B934-4E6C-9C1B-CEFD5CFFFFC3}.Release|iPhoneSimulator.Build.0 = Release|Any CPU
		{A18D424C-B934-4E6C-9C1B-CEFD5CFFFFC3}.Release|x64.ActiveCfg = Release|Any CPU
		{A18D424C-B934-4E6C-9C1B-CEFD5CFFFFC3}.Release|x64.Build.0 = Release|Any CPU
		{A18D424C-B934-4E6C-9C1B-CEFD5CFFFFC3}.Release|x86.ActiveCfg = Release|Any CPU
		{A18D424C-B934-4E6C-9C1B-CEFD5CFFFFC3}.Release|x86.Build.0 = Release|Any CPU
		{D68B9AA7-1C34-4588-B56E-32DEB1D62872}.Ad-Hoc|Any CPU.ActiveCfg = Release|Any CPU
		{D68B9AA7-1C34-4588-B56E-32DEB1D62872}.Ad-Hoc|Any CPU.Build.0 = Release|Any CPU
		{D68B9AA7-1C34-4588-B56E-32DEB1D62872}.Ad-Hoc|Any CPU.Deploy.0 = Release|Any CPU
		{D68B9AA7-1C34-4588-B56E-32DEB1D62872}.Ad-Hoc|ARM.ActiveCfg = Release|Any CPU
		{D68B9AA7-1C34-4588-B56E-32DEB1D62872}.Ad-Hoc|ARM.Build.0 = Release|Any CPU
		{D68B9AA7-1C34-4588-B56E-32DEB1D62872}.Ad-Hoc|ARM.Deploy.0 = Release|Any CPU
		{D68B9AA7-1C34-4588-B56E-32DEB1D62872}.Ad-Hoc|iPhone.ActiveCfg = Release|Any CPU
		{D68B9AA7-1C34-4588-B56E-32DEB1D62872}.Ad-Hoc|iPhone.Build.0 = Release|Any CPU
		{D68B9AA7-1C34-4588-B56E-32DEB1D62872}.Ad-Hoc|iPhone.Deploy.0 = Release|Any CPU
		{D68B9AA7-1C34-4588-B56E-32DEB1D62872}.Ad-Hoc|iPhoneSimulator.ActiveCfg = Release|Any CPU
		{D68B9AA7-1C34-4588-B56E-32DEB1D62872}.Ad-Hoc|iPhoneSimulator.Build.0 = Release|Any CPU
		{D68B9AA7-1C34-4588-B56E-32DEB1D62872}.Ad-Hoc|iPhoneSimulator.Deploy.0 = Release|Any CPU
		{D68B9AA7-1C34-4588-B56E-32DEB1D62872}.Ad-Hoc|x64.ActiveCfg = Release|Any CPU
		{D68B9AA7-1C34-4588-B56E-32DEB1D62872}.Ad-Hoc|x64.Build.0 = Release|Any CPU
		{D68B9AA7-1C34-4588-B56E-32DEB1D62872}.Ad-Hoc|x64.Deploy.0 = Release|Any CPU
		{D68B9AA7-1C34-4588-B56E-32DEB1D62872}.Ad-Hoc|x86.ActiveCfg = Release|Any CPU
		{D68B9AA7-1C34-4588-B56E-32DEB1D62872}.Ad-Hoc|x86.Build.0 = Release|Any CPU
		{D68B9AA7-1C34-4588-B56E-32DEB1D62872}.Ad-Hoc|x86.Deploy.0 = Release|Any CPU
		{D68B9AA7-1C34-4588-B56E-32DEB1D62872}.AppStore|Any CPU.ActiveCfg = Release|Any CPU
		{D68B9AA7-1C34-4588-B56E-32DEB1D62872}.AppStore|Any CPU.Build.0 = Release|Any CPU
		{D68B9AA7-1C34-4588-B56E-32DEB1D62872}.AppStore|Any CPU.Deploy.0 = Release|Any CPU
		{D68B9AA7-1C34-4588-B56E-32DEB1D62872}.AppStore|ARM.ActiveCfg = Release|Any CPU
		{D68B9AA7-1C34-4588-B56E-32DEB1D62872}.AppStore|ARM.Build.0 = Release|Any CPU
		{D68B9AA7-1C34-4588-B56E-32DEB1D62872}.AppStore|ARM.Deploy.0 = Release|Any CPU
		{D68B9AA7-1C34-4588-B56E-32DEB1D62872}.AppStore|iPhone.ActiveCfg = Release|Any CPU
		{D68B9AA7-1C34-4588-B56E-32DEB1D62872}.AppStore|iPhone.Build.0 = Release|Any CPU
		{D68B9AA7-1C34-4588-B56E-32DEB1D62872}.AppStore|iPhone.Deploy.0 = Release|Any CPU
		{D68B9AA7-1C34-4588-B56E-32DEB1D62872}.AppStore|iPhoneSimulator.ActiveCfg = Release|Any CPU
		{D68B9AA7-1C34-4588-B56E-32DEB1D62872}.AppStore|iPhoneSimulator.Build.0 = Release|Any CPU
		{D68B9AA7-1C34-4588-B56E-32DEB1D62872}.AppStore|iPhoneSimulator.Deploy.0 = Release|Any CPU
		{D68B9AA7-1C34-4588-B56E-32DEB1D62872}.AppStore|x64.ActiveCfg = Release|Any CPU
		{D68B9AA7-1C34-4588-B56E-32DEB1D62872}.AppStore|x64.Build.0 = Release|Any CPU
		{D68B9AA7-1C34-4588-B56E-32DEB1D62872}.AppStore|x64.Deploy.0 = Release|Any CPU
		{D68B9AA7-1C34-4588-B56E-32DEB1D62872}.AppStore|x86.ActiveCfg = Release|Any CPU
		{D68B9AA7-1C34-4588-B56E-32DEB1D62872}.AppStore|x86.Build.0 = Release|Any CPU
		{D68B9AA7-1C34-4588-B56E-32DEB1D62872}.AppStore|x86.Deploy.0 = Release|Any CPU
		{D68B9AA7-1C34-4588-B56E-32DEB1D62872}.Debug|Any CPU.ActiveCfg = Debug|Any CPU
		{D68B9AA7-1C34-4588-B56E-32DEB1D62872}.Debug|Any CPU.Build.0 = Debug|Any CPU
		{D68B9AA7-1C34-4588-B56E-32DEB1D62872}.Debug|Any CPU.Deploy.0 = Debug|Any CPU
		{D68B9AA7-1C34-4588-B56E-32DEB1D62872}.Debug|ARM.ActiveCfg = Debug|Any CPU
		{D68B9AA7-1C34-4588-B56E-32DEB1D62872}.Debug|ARM.Build.0 = Debug|Any CPU
		{D68B9AA7-1C34-4588-B56E-32DEB1D62872}.Debug|ARM.Deploy.0 = Debug|Any CPU
		{D68B9AA7-1C34-4588-B56E-32DEB1D62872}.Debug|iPhone.ActiveCfg = Debug|Any CPU
		{D68B9AA7-1C34-4588-B56E-32DEB1D62872}.Debug|iPhone.Build.0 = Debug|Any CPU
		{D68B9AA7-1C34-4588-B56E-32DEB1D62872}.Debug|iPhone.Deploy.0 = Debug|Any CPU
		{D68B9AA7-1C34-4588-B56E-32DEB1D62872}.Debug|iPhoneSimulator.ActiveCfg = Debug|Any CPU
		{D68B9AA7-1C34-4588-B56E-32DEB1D62872}.Debug|iPhoneSimulator.Build.0 = Debug|Any CPU
		{D68B9AA7-1C34-4588-B56E-32DEB1D62872}.Debug|iPhoneSimulator.Deploy.0 = Debug|Any CPU
		{D68B9AA7-1C34-4588-B56E-32DEB1D62872}.Debug|x64.ActiveCfg = Debug|Any CPU
		{D68B9AA7-1C34-4588-B56E-32DEB1D62872}.Debug|x64.Build.0 = Debug|Any CPU
		{D68B9AA7-1C34-4588-B56E-32DEB1D62872}.Debug|x64.Deploy.0 = Debug|Any CPU
		{D68B9AA7-1C34-4588-B56E-32DEB1D62872}.Debug|x86.ActiveCfg = Debug|Any CPU
		{D68B9AA7-1C34-4588-B56E-32DEB1D62872}.Debug|x86.Build.0 = Debug|Any CPU
		{D68B9AA7-1C34-4588-B56E-32DEB1D62872}.Debug|x86.Deploy.0 = Debug|Any CPU
		{D68B9AA7-1C34-4588-B56E-32DEB1D62872}.Release|Any CPU.ActiveCfg = Release|Any CPU
		{D68B9AA7-1C34-4588-B56E-32DEB1D62872}.Release|Any CPU.Build.0 = Release|Any CPU
		{D68B9AA7-1C34-4588-B56E-32DEB1D62872}.Release|Any CPU.Deploy.0 = Release|Any CPU
		{D68B9AA7-1C34-4588-B56E-32DEB1D62872}.Release|ARM.ActiveCfg = Release|Any CPU
		{D68B9AA7-1C34-4588-B56E-32DEB1D62872}.Release|ARM.Build.0 = Release|Any CPU
		{D68B9AA7-1C34-4588-B56E-32DEB1D62872}.Release|ARM.Deploy.0 = Release|Any CPU
		{D68B9AA7-1C34-4588-B56E-32DEB1D62872}.Release|iPhone.ActiveCfg = Release|Any CPU
		{D68B9AA7-1C34-4588-B56E-32DEB1D62872}.Release|iPhone.Build.0 = Release|Any CPU
		{D68B9AA7-1C34-4588-B56E-32DEB1D62872}.Release|iPhone.Deploy.0 = Release|Any CPU
		{D68B9AA7-1C34-4588-B56E-32DEB1D62872}.Release|iPhoneSimulator.ActiveCfg = Release|Any CPU
		{D68B9AA7-1C34-4588-B56E-32DEB1D62872}.Release|iPhoneSimulator.Build.0 = Release|Any CPU
		{D68B9AA7-1C34-4588-B56E-32DEB1D62872}.Release|iPhoneSimulator.Deploy.0 = Release|Any CPU
		{D68B9AA7-1C34-4588-B56E-32DEB1D62872}.Release|x64.ActiveCfg = Release|Any CPU
		{D68B9AA7-1C34-4588-B56E-32DEB1D62872}.Release|x64.Build.0 = Release|Any CPU
		{D68B9AA7-1C34-4588-B56E-32DEB1D62872}.Release|x64.Deploy.0 = Release|Any CPU
		{D68B9AA7-1C34-4588-B56E-32DEB1D62872}.Release|x86.ActiveCfg = Release|Any CPU
		{D68B9AA7-1C34-4588-B56E-32DEB1D62872}.Release|x86.Build.0 = Release|Any CPU
		{D68B9AA7-1C34-4588-B56E-32DEB1D62872}.Release|x86.Deploy.0 = Release|Any CPU
		{B19B3461-BEA9-458E-8C5B-8E34271C969A}.Ad-Hoc|Any CPU.ActiveCfg = Ad-Hoc|iPhone
		{B19B3461-BEA9-458E-8C5B-8E34271C969A}.Ad-Hoc|ARM.ActiveCfg = Ad-Hoc|iPhone
		{B19B3461-BEA9-458E-8C5B-8E34271C969A}.Ad-Hoc|iPhone.ActiveCfg = Ad-Hoc|iPhone
		{B19B3461-BEA9-458E-8C5B-8E34271C969A}.Ad-Hoc|iPhone.Build.0 = Ad-Hoc|iPhone
		{B19B3461-BEA9-458E-8C5B-8E34271C969A}.Ad-Hoc|iPhoneSimulator.ActiveCfg = Ad-Hoc|iPhoneSimulator
		{B19B3461-BEA9-458E-8C5B-8E34271C969A}.Ad-Hoc|iPhoneSimulator.Build.0 = Ad-Hoc|iPhoneSimulator
		{B19B3461-BEA9-458E-8C5B-8E34271C969A}.Ad-Hoc|x64.ActiveCfg = Ad-Hoc|iPhone
		{B19B3461-BEA9-458E-8C5B-8E34271C969A}.Ad-Hoc|x86.ActiveCfg = Ad-Hoc|iPhone
		{B19B3461-BEA9-458E-8C5B-8E34271C969A}.AppStore|Any CPU.ActiveCfg = AppStore|iPhone
		{B19B3461-BEA9-458E-8C5B-8E34271C969A}.AppStore|ARM.ActiveCfg = AppStore|iPhone
		{B19B3461-BEA9-458E-8C5B-8E34271C969A}.AppStore|iPhone.ActiveCfg = AppStore|iPhone
		{B19B3461-BEA9-458E-8C5B-8E34271C969A}.AppStore|iPhone.Build.0 = AppStore|iPhone
		{B19B3461-BEA9-458E-8C5B-8E34271C969A}.AppStore|iPhoneSimulator.ActiveCfg = AppStore|iPhoneSimulator
		{B19B3461-BEA9-458E-8C5B-8E34271C969A}.AppStore|iPhoneSimulator.Build.0 = AppStore|iPhoneSimulator
		{B19B3461-BEA9-458E-8C5B-8E34271C969A}.AppStore|x64.ActiveCfg = AppStore|iPhone
		{B19B3461-BEA9-458E-8C5B-8E34271C969A}.AppStore|x86.ActiveCfg = AppStore|iPhone
		{B19B3461-BEA9-458E-8C5B-8E34271C969A}.Debug|Any CPU.ActiveCfg = Debug|iPhone
		{B19B3461-BEA9-458E-8C5B-8E34271C969A}.Debug|ARM.ActiveCfg = Debug|iPhone
		{B19B3461-BEA9-458E-8C5B-8E34271C969A}.Debug|iPhone.ActiveCfg = Debug|iPhone
		{B19B3461-BEA9-458E-8C5B-8E34271C969A}.Debug|iPhone.Build.0 = Debug|iPhone
		{B19B3461-BEA9-458E-8C5B-8E34271C969A}.Debug|iPhoneSimulator.ActiveCfg = Debug|iPhoneSimulator
		{B19B3461-BEA9-458E-8C5B-8E34271C969A}.Debug|iPhoneSimulator.Build.0 = Debug|iPhoneSimulator
		{B19B3461-BEA9-458E-8C5B-8E34271C969A}.Debug|x64.ActiveCfg = Debug|iPhone
		{B19B3461-BEA9-458E-8C5B-8E34271C969A}.Debug|x86.ActiveCfg = Debug|iPhone
		{B19B3461-BEA9-458E-8C5B-8E34271C969A}.Release|Any CPU.ActiveCfg = Release|iPhone
		{B19B3461-BEA9-458E-8C5B-8E34271C969A}.Release|ARM.ActiveCfg = Release|iPhone
		{B19B3461-BEA9-458E-8C5B-8E34271C969A}.Release|iPhone.ActiveCfg = Release|iPhone
		{B19B3461-BEA9-458E-8C5B-8E34271C969A}.Release|iPhone.Build.0 = Release|iPhone
		{B19B3461-BEA9-458E-8C5B-8E34271C969A}.Release|iPhoneSimulator.ActiveCfg = Release|iPhoneSimulator
		{B19B3461-BEA9-458E-8C5B-8E34271C969A}.Release|iPhoneSimulator.Build.0 = Release|iPhoneSimulator
		{B19B3461-BEA9-458E-8C5B-8E34271C969A}.Release|x64.ActiveCfg = Release|iPhone
		{B19B3461-BEA9-458E-8C5B-8E34271C969A}.Release|x86.ActiveCfg = Release|iPhone
		{AFCB3E0D-67B3-43CA-B237-5A28BE01EB85}.Ad-Hoc|Any CPU.ActiveCfg = Release|Any CPU
		{AFCB3E0D-67B3-43CA-B237-5A28BE01EB85}.Ad-Hoc|Any CPU.Build.0 = Release|Any CPU
		{AFCB3E0D-67B3-43CA-B237-5A28BE01EB85}.Ad-Hoc|Any CPU.Deploy.0 = Release|Any CPU
		{AFCB3E0D-67B3-43CA-B237-5A28BE01EB85}.Ad-Hoc|ARM.ActiveCfg = Release|ARM
		{AFCB3E0D-67B3-43CA-B237-5A28BE01EB85}.Ad-Hoc|ARM.Build.0 = Release|ARM
		{AFCB3E0D-67B3-43CA-B237-5A28BE01EB85}.Ad-Hoc|ARM.Deploy.0 = Release|ARM
		{AFCB3E0D-67B3-43CA-B237-5A28BE01EB85}.Ad-Hoc|iPhone.ActiveCfg = Release|Any CPU
		{AFCB3E0D-67B3-43CA-B237-5A28BE01EB85}.Ad-Hoc|iPhone.Build.0 = Release|Any CPU
		{AFCB3E0D-67B3-43CA-B237-5A28BE01EB85}.Ad-Hoc|iPhone.Deploy.0 = Release|Any CPU
		{AFCB3E0D-67B3-43CA-B237-5A28BE01EB85}.Ad-Hoc|iPhoneSimulator.ActiveCfg = Release|Any CPU
		{AFCB3E0D-67B3-43CA-B237-5A28BE01EB85}.Ad-Hoc|iPhoneSimulator.Build.0 = Release|Any CPU
		{AFCB3E0D-67B3-43CA-B237-5A28BE01EB85}.Ad-Hoc|iPhoneSimulator.Deploy.0 = Release|Any CPU
		{AFCB3E0D-67B3-43CA-B237-5A28BE01EB85}.Ad-Hoc|x64.ActiveCfg = Release|Any CPU
		{AFCB3E0D-67B3-43CA-B237-5A28BE01EB85}.Ad-Hoc|x64.Build.0 = Release|Any CPU
		{AFCB3E0D-67B3-43CA-B237-5A28BE01EB85}.Ad-Hoc|x64.Deploy.0 = Release|Any CPU
		{AFCB3E0D-67B3-43CA-B237-5A28BE01EB85}.Ad-Hoc|x86.ActiveCfg = Release|x86
		{AFCB3E0D-67B3-43CA-B237-5A28BE01EB85}.Ad-Hoc|x86.Build.0 = Release|x86
		{AFCB3E0D-67B3-43CA-B237-5A28BE01EB85}.Ad-Hoc|x86.Deploy.0 = Release|x86
		{AFCB3E0D-67B3-43CA-B237-5A28BE01EB85}.AppStore|Any CPU.ActiveCfg = Release|Any CPU
		{AFCB3E0D-67B3-43CA-B237-5A28BE01EB85}.AppStore|Any CPU.Build.0 = Release|Any CPU
		{AFCB3E0D-67B3-43CA-B237-5A28BE01EB85}.AppStore|Any CPU.Deploy.0 = Release|Any CPU
		{AFCB3E0D-67B3-43CA-B237-5A28BE01EB85}.AppStore|ARM.ActiveCfg = Release|ARM
		{AFCB3E0D-67B3-43CA-B237-5A28BE01EB85}.AppStore|ARM.Build.0 = Release|ARM
		{AFCB3E0D-67B3-43CA-B237-5A28BE01EB85}.AppStore|ARM.Deploy.0 = Release|ARM
		{AFCB3E0D-67B3-43CA-B237-5A28BE01EB85}.AppStore|iPhone.ActiveCfg = Release|Any CPU
		{AFCB3E0D-67B3-43CA-B237-5A28BE01EB85}.AppStore|iPhone.Build.0 = Release|Any CPU
		{AFCB3E0D-67B3-43CA-B237-5A28BE01EB85}.AppStore|iPhone.Deploy.0 = Release|Any CPU
		{AFCB3E0D-67B3-43CA-B237-5A28BE01EB85}.AppStore|iPhoneSimulator.ActiveCfg = Release|Any CPU
		{AFCB3E0D-67B3-43CA-B237-5A28BE01EB85}.AppStore|iPhoneSimulator.Build.0 = Release|Any CPU
		{AFCB3E0D-67B3-43CA-B237-5A28BE01EB85}.AppStore|iPhoneSimulator.Deploy.0 = Release|Any CPU
		{AFCB3E0D-67B3-43CA-B237-5A28BE01EB85}.AppStore|x64.ActiveCfg = Release|Any CPU
		{AFCB3E0D-67B3-43CA-B237-5A28BE01EB85}.AppStore|x64.Build.0 = Release|Any CPU
		{AFCB3E0D-67B3-43CA-B237-5A28BE01EB85}.AppStore|x64.Deploy.0 = Release|Any CPU
		{AFCB3E0D-67B3-43CA-B237-5A28BE01EB85}.AppStore|x86.ActiveCfg = Release|x86
		{AFCB3E0D-67B3-43CA-B237-5A28BE01EB85}.AppStore|x86.Build.0 = Release|x86
		{AFCB3E0D-67B3-43CA-B237-5A28BE01EB85}.AppStore|x86.Deploy.0 = Release|x86
		{AFCB3E0D-67B3-43CA-B237-5A28BE01EB85}.Debug|Any CPU.ActiveCfg = Debug|Any CPU
		{AFCB3E0D-67B3-43CA-B237-5A28BE01EB85}.Debug|Any CPU.Build.0 = Debug|Any CPU
		{AFCB3E0D-67B3-43CA-B237-5A28BE01EB85}.Debug|Any CPU.Deploy.0 = Debug|Any CPU
		{AFCB3E0D-67B3-43CA-B237-5A28BE01EB85}.Debug|ARM.ActiveCfg = Debug|ARM
		{AFCB3E0D-67B3-43CA-B237-5A28BE01EB85}.Debug|ARM.Build.0 = Debug|ARM
		{AFCB3E0D-67B3-43CA-B237-5A28BE01EB85}.Debug|ARM.Deploy.0 = Debug|ARM
		{AFCB3E0D-67B3-43CA-B237-5A28BE01EB85}.Debug|iPhone.ActiveCfg = Debug|Any CPU
		{AFCB3E0D-67B3-43CA-B237-5A28BE01EB85}.Debug|iPhone.Build.0 = Debug|Any CPU
		{AFCB3E0D-67B3-43CA-B237-5A28BE01EB85}.Debug|iPhone.Deploy.0 = Debug|Any CPU
		{AFCB3E0D-67B3-43CA-B237-5A28BE01EB85}.Debug|iPhoneSimulator.ActiveCfg = Debug|Any CPU
		{AFCB3E0D-67B3-43CA-B237-5A28BE01EB85}.Debug|iPhoneSimulator.Build.0 = Debug|Any CPU
		{AFCB3E0D-67B3-43CA-B237-5A28BE01EB85}.Debug|iPhoneSimulator.Deploy.0 = Debug|Any CPU
		{AFCB3E0D-67B3-43CA-B237-5A28BE01EB85}.Debug|x64.ActiveCfg = Debug|Any CPU
		{AFCB3E0D-67B3-43CA-B237-5A28BE01EB85}.Debug|x64.Build.0 = Debug|Any CPU
		{AFCB3E0D-67B3-43CA-B237-5A28BE01EB85}.Debug|x64.Deploy.0 = Debug|Any CPU
		{AFCB3E0D-67B3-43CA-B237-5A28BE01EB85}.Debug|x86.ActiveCfg = Debug|x86
		{AFCB3E0D-67B3-43CA-B237-5A28BE01EB85}.Debug|x86.Build.0 = Debug|x86
		{AFCB3E0D-67B3-43CA-B237-5A28BE01EB85}.Debug|x86.Deploy.0 = Debug|x86
		{AFCB3E0D-67B3-43CA-B237-5A28BE01EB85}.Release|Any CPU.ActiveCfg = Release|Any CPU
		{AFCB3E0D-67B3-43CA-B237-5A28BE01EB85}.Release|Any CPU.Build.0 = Release|Any CPU
		{AFCB3E0D-67B3-43CA-B237-5A28BE01EB85}.Release|Any CPU.Deploy.0 = Release|Any CPU
		{AFCB3E0D-67B3-43CA-B237-5A28BE01EB85}.Release|ARM.ActiveCfg = Release|ARM
		{AFCB3E0D-67B3-43CA-B237-5A28BE01EB85}.Release|ARM.Build.0 = Release|ARM
		{AFCB3E0D-67B3-43CA-B237-5A28BE01EB85}.Release|ARM.Deploy.0 = Release|ARM
		{AFCB3E0D-67B3-43CA-B237-5A28BE01EB85}.Release|iPhone.ActiveCfg = Release|Any CPU
		{AFCB3E0D-67B3-43CA-B237-5A28BE01EB85}.Release|iPhone.Build.0 = Release|Any CPU
		{AFCB3E0D-67B3-43CA-B237-5A28BE01EB85}.Release|iPhone.Deploy.0 = Release|Any CPU
		{AFCB3E0D-67B3-43CA-B237-5A28BE01EB85}.Release|iPhoneSimulator.ActiveCfg = Release|Any CPU
		{AFCB3E0D-67B3-43CA-B237-5A28BE01EB85}.Release|iPhoneSimulator.Build.0 = Release|Any CPU
		{AFCB3E0D-67B3-43CA-B237-5A28BE01EB85}.Release|iPhoneSimulator.Deploy.0 = Release|Any CPU
		{AFCB3E0D-67B3-43CA-B237-5A28BE01EB85}.Release|x64.ActiveCfg = Release|Any CPU
		{AFCB3E0D-67B3-43CA-B237-5A28BE01EB85}.Release|x64.Build.0 = Release|Any CPU
		{AFCB3E0D-67B3-43CA-B237-5A28BE01EB85}.Release|x64.Deploy.0 = Release|Any CPU
		{AFCB3E0D-67B3-43CA-B237-5A28BE01EB85}.Release|x86.ActiveCfg = Release|x86
		{AFCB3E0D-67B3-43CA-B237-5A28BE01EB85}.Release|x86.Build.0 = Release|x86
		{AFCB3E0D-67B3-43CA-B237-5A28BE01EB85}.Release|x86.Deploy.0 = Release|x86
		{F47CF8EC-B93D-40D1-8847-4CB145391D22}.Ad-Hoc|Any CPU.ActiveCfg = Release|x86
		{F47CF8EC-B93D-40D1-8847-4CB145391D22}.Ad-Hoc|Any CPU.Build.0 = Release|x86
		{F47CF8EC-B93D-40D1-8847-4CB145391D22}.Ad-Hoc|Any CPU.Deploy.0 = Release|x86
		{F47CF8EC-B93D-40D1-8847-4CB145391D22}.Ad-Hoc|ARM.ActiveCfg = Release|ARM
		{F47CF8EC-B93D-40D1-8847-4CB145391D22}.Ad-Hoc|ARM.Build.0 = Release|ARM
		{F47CF8EC-B93D-40D1-8847-4CB145391D22}.Ad-Hoc|ARM.Deploy.0 = Release|ARM
		{F47CF8EC-B93D-40D1-8847-4CB145391D22}.Ad-Hoc|iPhone.ActiveCfg = Release|x86
		{F47CF8EC-B93D-40D1-8847-4CB145391D22}.Ad-Hoc|iPhone.Build.0 = Release|x86
		{F47CF8EC-B93D-40D1-8847-4CB145391D22}.Ad-Hoc|iPhone.Deploy.0 = Release|x86
		{F47CF8EC-B93D-40D1-8847-4CB145391D22}.Ad-Hoc|iPhoneSimulator.ActiveCfg = Release|x86
		{F47CF8EC-B93D-40D1-8847-4CB145391D22}.Ad-Hoc|iPhoneSimulator.Build.0 = Release|x86
		{F47CF8EC-B93D-40D1-8847-4CB145391D22}.Ad-Hoc|iPhoneSimulator.Deploy.0 = Release|x86
		{F47CF8EC-B93D-40D1-8847-4CB145391D22}.Ad-Hoc|x64.ActiveCfg = Release|x64
		{F47CF8EC-B93D-40D1-8847-4CB145391D22}.Ad-Hoc|x64.Build.0 = Release|x64
		{F47CF8EC-B93D-40D1-8847-4CB145391D22}.Ad-Hoc|x64.Deploy.0 = Release|x64
		{F47CF8EC-B93D-40D1-8847-4CB145391D22}.Ad-Hoc|x86.ActiveCfg = Release|x86
		{F47CF8EC-B93D-40D1-8847-4CB145391D22}.Ad-Hoc|x86.Build.0 = Release|x86
		{F47CF8EC-B93D-40D1-8847-4CB145391D22}.Ad-Hoc|x86.Deploy.0 = Release|x86
		{F47CF8EC-B93D-40D1-8847-4CB145391D22}.AppStore|Any CPU.ActiveCfg = Release|x86
		{F47CF8EC-B93D-40D1-8847-4CB145391D22}.AppStore|Any CPU.Build.0 = Release|x86
		{F47CF8EC-B93D-40D1-8847-4CB145391D22}.AppStore|Any CPU.Deploy.0 = Release|x86
		{F47CF8EC-B93D-40D1-8847-4CB145391D22}.AppStore|ARM.ActiveCfg = Release|ARM
		{F47CF8EC-B93D-40D1-8847-4CB145391D22}.AppStore|ARM.Build.0 = Release|ARM
		{F47CF8EC-B93D-40D1-8847-4CB145391D22}.AppStore|ARM.Deploy.0 = Release|ARM
		{F47CF8EC-B93D-40D1-8847-4CB145391D22}.AppStore|iPhone.ActiveCfg = Release|x86
		{F47CF8EC-B93D-40D1-8847-4CB145391D22}.AppStore|iPhone.Build.0 = Release|x86
		{F47CF8EC-B93D-40D1-8847-4CB145391D22}.AppStore|iPhone.Deploy.0 = Release|x86
		{F47CF8EC-B93D-40D1-8847-4CB145391D22}.AppStore|iPhoneSimulator.ActiveCfg = Release|x86
		{F47CF8EC-B93D-40D1-8847-4CB145391D22}.AppStore|iPhoneSimulator.Build.0 = Release|x86
		{F47CF8EC-B93D-40D1-8847-4CB145391D22}.AppStore|iPhoneSimulator.Deploy.0 = Release|x86
		{F47CF8EC-B93D-40D1-8847-4CB145391D22}.AppStore|x64.ActiveCfg = Release|x64
		{F47CF8EC-B93D-40D1-8847-4CB145391D22}.AppStore|x64.Build.0 = Release|x64
		{F47CF8EC-B93D-40D1-8847-4CB145391D22}.AppStore|x64.Deploy.0 = Release|x64
		{F47CF8EC-B93D-40D1-8847-4CB145391D22}.AppStore|x86.ActiveCfg = Release|x86
		{F47CF8EC-B93D-40D1-8847-4CB145391D22}.AppStore|x86.Build.0 = Release|x86
		{F47CF8EC-B93D-40D1-8847-4CB145391D22}.AppStore|x86.Deploy.0 = Release|x86
		{F47CF8EC-B93D-40D1-8847-4CB145391D22}.Debug|Any CPU.ActiveCfg = Debug|x86
		{F47CF8EC-B93D-40D1-8847-4CB145391D22}.Debug|ARM.ActiveCfg = Debug|ARM
		{F47CF8EC-B93D-40D1-8847-4CB145391D22}.Debug|ARM.Build.0 = Debug|ARM
		{F47CF8EC-B93D-40D1-8847-4CB145391D22}.Debug|ARM.Deploy.0 = Debug|ARM
		{F47CF8EC-B93D-40D1-8847-4CB145391D22}.Debug|iPhone.ActiveCfg = Debug|x86
		{F47CF8EC-B93D-40D1-8847-4CB145391D22}.Debug|iPhoneSimulator.ActiveCfg = Debug|x86
		{F47CF8EC-B93D-40D1-8847-4CB145391D22}.Debug|x64.ActiveCfg = Debug|x64
		{F47CF8EC-B93D-40D1-8847-4CB145391D22}.Debug|x64.Build.0 = Debug|x64
		{F47CF8EC-B93D-40D1-8847-4CB145391D22}.Debug|x64.Deploy.0 = Debug|x64
		{F47CF8EC-B93D-40D1-8847-4CB145391D22}.Debug|x86.ActiveCfg = Debug|x86
		{F47CF8EC-B93D-40D1-8847-4CB145391D22}.Debug|x86.Build.0 = Debug|x86
		{F47CF8EC-B93D-40D1-8847-4CB145391D22}.Debug|x86.Deploy.0 = Debug|x86
		{F47CF8EC-B93D-40D1-8847-4CB145391D22}.Release|Any CPU.ActiveCfg = Release|x86
		{F47CF8EC-B93D-40D1-8847-4CB145391D22}.Release|ARM.ActiveCfg = Release|ARM
		{F47CF8EC-B93D-40D1-8847-4CB145391D22}.Release|ARM.Build.0 = Release|ARM
		{F47CF8EC-B93D-40D1-8847-4CB145391D22}.Release|ARM.Deploy.0 = Release|ARM
		{F47CF8EC-B93D-40D1-8847-4CB145391D22}.Release|iPhone.ActiveCfg = Release|x86
		{F47CF8EC-B93D-40D1-8847-4CB145391D22}.Release|iPhoneSimulator.ActiveCfg = Release|x86
		{F47CF8EC-B93D-40D1-8847-4CB145391D22}.Release|x64.ActiveCfg = Release|x64
		{F47CF8EC-B93D-40D1-8847-4CB145391D22}.Release|x64.Build.0 = Release|x64
		{F47CF8EC-B93D-40D1-8847-4CB145391D22}.Release|x64.Deploy.0 = Release|x64
		{F47CF8EC-B93D-40D1-8847-4CB145391D22}.Release|x86.ActiveCfg = Release|x86
		{F47CF8EC-B93D-40D1-8847-4CB145391D22}.Release|x86.Build.0 = Release|x86
		{F47CF8EC-B93D-40D1-8847-4CB145391D22}.Release|x86.Deploy.0 = Release|x86
		{BC5FDA84-D240-4C43-AB0F-09300FC819AD}.Ad-Hoc|Any CPU.ActiveCfg = Release|Any CPU
		{BC5FDA84-D240-4C43-AB0F-09300FC819AD}.Ad-Hoc|Any CPU.Build.0 = Release|Any CPU
		{BC5FDA84-D240-4C43-AB0F-09300FC819AD}.Ad-Hoc|Any CPU.Deploy.0 = Release|Any CPU
		{BC5FDA84-D240-4C43-AB0F-09300FC819AD}.Ad-Hoc|ARM.ActiveCfg = Release|ARM
		{BC5FDA84-D240-4C43-AB0F-09300FC819AD}.Ad-Hoc|ARM.Build.0 = Release|ARM
		{BC5FDA84-D240-4C43-AB0F-09300FC819AD}.Ad-Hoc|ARM.Deploy.0 = Release|ARM
		{BC5FDA84-D240-4C43-AB0F-09300FC819AD}.Ad-Hoc|iPhone.ActiveCfg = Release|Any CPU
		{BC5FDA84-D240-4C43-AB0F-09300FC819AD}.Ad-Hoc|iPhone.Build.0 = Release|Any CPU
		{BC5FDA84-D240-4C43-AB0F-09300FC819AD}.Ad-Hoc|iPhone.Deploy.0 = Release|Any CPU
		{BC5FDA84-D240-4C43-AB0F-09300FC819AD}.Ad-Hoc|iPhoneSimulator.ActiveCfg = Release|Any CPU
		{BC5FDA84-D240-4C43-AB0F-09300FC819AD}.Ad-Hoc|iPhoneSimulator.Build.0 = Release|Any CPU
		{BC5FDA84-D240-4C43-AB0F-09300FC819AD}.Ad-Hoc|iPhoneSimulator.Deploy.0 = Release|Any CPU
		{BC5FDA84-D240-4C43-AB0F-09300FC819AD}.Ad-Hoc|x64.ActiveCfg = Release|x64
		{BC5FDA84-D240-4C43-AB0F-09300FC819AD}.Ad-Hoc|x64.Build.0 = Release|x64
		{BC5FDA84-D240-4C43-AB0F-09300FC819AD}.Ad-Hoc|x64.Deploy.0 = Release|x64
		{BC5FDA84-D240-4C43-AB0F-09300FC819AD}.Ad-Hoc|x86.ActiveCfg = Release|x86
		{BC5FDA84-D240-4C43-AB0F-09300FC819AD}.Ad-Hoc|x86.Build.0 = Release|x86
		{BC5FDA84-D240-4C43-AB0F-09300FC819AD}.Ad-Hoc|x86.Deploy.0 = Release|x86
		{BC5FDA84-D240-4C43-AB0F-09300FC819AD}.AppStore|Any CPU.ActiveCfg = Release|Any CPU
		{BC5FDA84-D240-4C43-AB0F-09300FC819AD}.AppStore|Any CPU.Build.0 = Release|Any CPU
		{BC5FDA84-D240-4C43-AB0F-09300FC819AD}.AppStore|Any CPU.Deploy.0 = Release|Any CPU
		{BC5FDA84-D240-4C43-AB0F-09300FC819AD}.AppStore|ARM.ActiveCfg = Release|ARM
		{BC5FDA84-D240-4C43-AB0F-09300FC819AD}.AppStore|ARM.Build.0 = Release|ARM
		{BC5FDA84-D240-4C43-AB0F-09300FC819AD}.AppStore|ARM.Deploy.0 = Release|ARM
		{BC5FDA84-D240-4C43-AB0F-09300FC819AD}.AppStore|iPhone.ActiveCfg = Release|Any CPU
		{BC5FDA84-D240-4C43-AB0F-09300FC819AD}.AppStore|iPhone.Build.0 = Release|Any CPU
		{BC5FDA84-D240-4C43-AB0F-09300FC819AD}.AppStore|iPhone.Deploy.0 = Release|Any CPU
		{BC5FDA84-D240-4C43-AB0F-09300FC819AD}.AppStore|iPhoneSimulator.ActiveCfg = Release|Any CPU
		{BC5FDA84-D240-4C43-AB0F-09300FC819AD}.AppStore|iPhoneSimulator.Build.0 = Release|Any CPU
		{BC5FDA84-D240-4C43-AB0F-09300FC819AD}.AppStore|iPhoneSimulator.Deploy.0 = Release|Any CPU
		{BC5FDA84-D240-4C43-AB0F-09300FC819AD}.AppStore|x64.ActiveCfg = Release|x64
		{BC5FDA84-D240-4C43-AB0F-09300FC819AD}.AppStore|x64.Build.0 = Release|x64
		{BC5FDA84-D240-4C43-AB0F-09300FC819AD}.AppStore|x64.Deploy.0 = Release|x64
		{BC5FDA84-D240-4C43-AB0F-09300FC819AD}.AppStore|x86.ActiveCfg = Release|x86
		{BC5FDA84-D240-4C43-AB0F-09300FC819AD}.AppStore|x86.Build.0 = Release|x86
		{BC5FDA84-D240-4C43-AB0F-09300FC819AD}.AppStore|x86.Deploy.0 = Release|x86
		{BC5FDA84-D240-4C43-AB0F-09300FC819AD}.Debug|Any CPU.ActiveCfg = Debug|Any CPU
		{BC5FDA84-D240-4C43-AB0F-09300FC819AD}.Debug|Any CPU.Build.0 = Debug|Any CPU
		{BC5FDA84-D240-4C43-AB0F-09300FC819AD}.Debug|Any CPU.Deploy.0 = Debug|Any CPU
		{BC5FDA84-D240-4C43-AB0F-09300FC819AD}.Debug|ARM.ActiveCfg = Debug|ARM
		{BC5FDA84-D240-4C43-AB0F-09300FC819AD}.Debug|ARM.Build.0 = Debug|ARM
		{BC5FDA84-D240-4C43-AB0F-09300FC819AD}.Debug|ARM.Deploy.0 = Debug|ARM
		{BC5FDA84-D240-4C43-AB0F-09300FC819AD}.Debug|iPhone.ActiveCfg = Debug|Any CPU
		{BC5FDA84-D240-4C43-AB0F-09300FC819AD}.Debug|iPhone.Build.0 = Debug|Any CPU
		{BC5FDA84-D240-4C43-AB0F-09300FC819AD}.Debug|iPhone.Deploy.0 = Debug|Any CPU
		{BC5FDA84-D240-4C43-AB0F-09300FC819AD}.Debug|iPhoneSimulator.ActiveCfg = Debug|Any CPU
		{BC5FDA84-D240-4C43-AB0F-09300FC819AD}.Debug|iPhoneSimulator.Build.0 = Debug|Any CPU
		{BC5FDA84-D240-4C43-AB0F-09300FC819AD}.Debug|iPhoneSimulator.Deploy.0 = Debug|Any CPU
		{BC5FDA84-D240-4C43-AB0F-09300FC819AD}.Debug|x64.ActiveCfg = Debug|x64
		{BC5FDA84-D240-4C43-AB0F-09300FC819AD}.Debug|x64.Build.0 = Debug|x64
		{BC5FDA84-D240-4C43-AB0F-09300FC819AD}.Debug|x64.Deploy.0 = Debug|x64
		{BC5FDA84-D240-4C43-AB0F-09300FC819AD}.Debug|x86.ActiveCfg = Debug|x86
		{BC5FDA84-D240-4C43-AB0F-09300FC819AD}.Debug|x86.Build.0 = Debug|x86
		{BC5FDA84-D240-4C43-AB0F-09300FC819AD}.Debug|x86.Deploy.0 = Debug|x86
		{BC5FDA84-D240-4C43-AB0F-09300FC819AD}.Release|Any CPU.ActiveCfg = Release|Any CPU
		{BC5FDA84-D240-4C43-AB0F-09300FC819AD}.Release|Any CPU.Build.0 = Release|Any CPU
		{BC5FDA84-D240-4C43-AB0F-09300FC819AD}.Release|Any CPU.Deploy.0 = Release|Any CPU
		{BC5FDA84-D240-4C43-AB0F-09300FC819AD}.Release|ARM.ActiveCfg = Release|ARM
		{BC5FDA84-D240-4C43-AB0F-09300FC819AD}.Release|ARM.Build.0 = Release|ARM
		{BC5FDA84-D240-4C43-AB0F-09300FC819AD}.Release|ARM.Deploy.0 = Release|ARM
		{BC5FDA84-D240-4C43-AB0F-09300FC819AD}.Release|iPhone.ActiveCfg = Release|Any CPU
		{BC5FDA84-D240-4C43-AB0F-09300FC819AD}.Release|iPhone.Build.0 = Release|Any CPU
		{BC5FDA84-D240-4C43-AB0F-09300FC819AD}.Release|iPhone.Deploy.0 = Release|Any CPU
		{BC5FDA84-D240-4C43-AB0F-09300FC819AD}.Release|iPhoneSimulator.ActiveCfg = Release|Any CPU
		{BC5FDA84-D240-4C43-AB0F-09300FC819AD}.Release|iPhoneSimulator.Build.0 = Release|Any CPU
		{BC5FDA84-D240-4C43-AB0F-09300FC819AD}.Release|iPhoneSimulator.Deploy.0 = Release|Any CPU
		{BC5FDA84-D240-4C43-AB0F-09300FC819AD}.Release|x64.ActiveCfg = Release|x64
		{BC5FDA84-D240-4C43-AB0F-09300FC819AD}.Release|x64.Build.0 = Release|x64
		{BC5FDA84-D240-4C43-AB0F-09300FC819AD}.Release|x64.Deploy.0 = Release|x64
		{BC5FDA84-D240-4C43-AB0F-09300FC819AD}.Release|x86.ActiveCfg = Release|x86
		{BC5FDA84-D240-4C43-AB0F-09300FC819AD}.Release|x86.Build.0 = Release|x86
		{BC5FDA84-D240-4C43-AB0F-09300FC819AD}.Release|x86.Deploy.0 = Release|x86
	EndGlobalSection
	GlobalSection(SolutionProperties) = preSolution
		HideSolutionNode = FALSE
	EndGlobalSection
EndGlobal
